Microsoft Visual Studio Solution File, Format Version 11.00
# Visual Studio 2008

Project("{22EF5D94-68D7-AA2F-806D-865B88A27A52}") = "Cannon", "Assembly-CSharp-firstpass.csproj", "{FAC585B2-08E3-BEB3-58BE-8D9B2D482FAE}"
EndProject
Project("{22EF5D94-68D7-AA2F-806D-865B88A27A52}") = "Cannon", "Assembly-CSharp.csproj", "{57861E50-5FEE-FE40-50CB-DA89179ED262}"
EndProject
Project("{22EF5D94-68D7-AA2F-806D-865B88A27A52}") = "Cannon", "Assembly-CSharp-Editor.csproj", "{5FF78510-5E83-2751-2D08-D94058A7328D}"
EndProject
Global
	GlobalSection(SolutionConfigurationPlatforms) = preSolution
		Debug|Any CPU = Debug|Any CPU
		Release|Any CPU = Release|Any CPU
	EndGlobalSection
	GlobalSection(ProjectConfigurationPlatforms) = postSolution
		{FAC585B2-08E3-BEB3-58BE-8D9B2D482FAE}.Debug|Any CPU.ActiveCfg = Debug|Any CPU
		{FAC585B2-08E3-BEB3-58BE-8D9B2D482FAE}.Debug|Any CPU.Build.0 = Debug|Any CPU
		{FAC585B2-08E3-BEB3-58BE-8D9B2D482FAE}.Release|Any CPU.ActiveCfg = Release|Any CPU
		{FAC585B2-08E3-BEB3-58BE-8D9B2D482FAE}.Release|Any CPU.Build.0 = Release|Any CPU
		{57861E50-5FEE-FE40-50CB-DA89179ED262}.Debug|Any CPU.ActiveCfg = Debug|Any CPU
		{57861E50-5FEE-FE40-50CB-DA89179ED262}.Debug|Any CPU.Build.0 = Debug|Any CPU
		{57861E50-5FEE-FE40-50CB-DA89179ED262}.Release|Any CPU.ActiveCfg = Release|Any CPU
		{57861E50-5FEE-FE40-50CB-DA89179ED262}.Release|Any CPU.Build.0 = Release|Any CPU
		{5FF78510-5E83-2751-2D08-D94058A7328D}.Debug|Any CPU.ActiveCfg = Debug|Any CPU
		{5FF78510-5E83-2751-2D08-D94058A7328D}.Debug|Any CPU.Build.0 = Debug|Any CPU
		{5FF78510-5E83-2751-2D08-D94058A7328D}.Release|Any CPU.ActiveCfg = Release|Any CPU
		{5FF78510-5E83-2751-2D08-D94058A7328D}.Release|Any CPU.Build.0 = Release|Any CPU
	EndGlobalSection
	GlobalSection(SolutionProperties) = preSolution
		HideSolutionNode = FALSE
	EndGlobalSection
	GlobalSection(MonoDevelopProperties) = preSolution
		StartupItem = Assembly-CSharp.csproj
	EndGlobalSection
EndGlobal
